
Microsoft Visual Studio Solution File, Format Version 12.00
# Visual Studio Version 17
VisualStudioVersion = 17.8.34330.188
MinimumVisualStudioVersion = 10.0.40219.1
Project("{9A19103F-16F7-4668-BE54-9A1E7A4F7556}") = "Pgo.Backend", "Pgo.Backend\Pgo.Backend.csproj", "{9CA4F111-63BA-439C-9F15-E3396B2F1730}"
EndProject
Project("{54A90642-561A-4BB1-A94E-469ADEE60C69}") = "Pgo.Frontend", "Pgo.Frontend\Pgo.Frontend.esproj", "{1BD78378-3A9C-4FE2-BEA3-DB777007FD92}"
EndProject
Project("{2150E333-8FDC-42A3-9474-1A3956D46DE8}") = "Frontend", "Frontend", "{FC88D707-8E6A-4D5D-BD6E-757C59CF9F79}"
EndProject
Project("{2150E333-8FDC-42A3-9474-1A3956D46DE8}") = "Backend", "Backend", "{0E8D8EBA-A0AF-4488-B022-DA7AB44F3766}"
EndProject
Global
	GlobalSection(SolutionConfigurationPlatforms) = preSolution
		Debug|Any CPU = Debug|Any CPU
		Release|Any CPU = Release|Any CPU
	EndGlobalSection
	GlobalSection(ProjectConfigurationPlatforms) = postSolution
		{9CA4F111-63BA-439C-9F15-E3396B2F1730}.Debug|Any CPU.ActiveCfg = Debug|Any CPU
		{9CA4F111-63BA-439C-9F15-E3396B2F1730}.Debug|Any CPU.Build.0 = Debug|Any CPU
		{9CA4F111-63BA-439C-9F15-E3396B2F1730}.Release|Any CPU.ActiveCfg = Release|Any CPU
		{9CA4F111-63BA-439C-9F15-E3396B2F1730}.Release|Any CPU.Build.0 = Release|Any CPU
		{1BD78378-3A9C-4FE2-BEA3-DB777007FD92}.Debug|Any CPU.ActiveCfg = Debug|Any CPU
		{1BD78378-3A9C-4FE2-BEA3-DB777007FD92}.Debug|Any CPU.Build.0 = Debug|Any CPU
		{1BD78378-3A9C-4FE2-BEA3-DB777007FD92}.Release|Any CPU.ActiveCfg = Release|Any CPU
	EndGlobalSection
	GlobalSection(SolutionProperties) = preSolution
		HideSolutionNode = FALSE
	EndGlobalSection
	GlobalSection(NestedProjects) = preSolution
		{9CA4F111-63BA-439C-9F15-E3396B2F1730} = {0E8D8EBA-A0AF-4488-B022-DA7AB44F3766}
		{1BD78378-3A9C-4FE2-BEA3-DB777007FD92} = {FC88D707-8E6A-4D5D-BD6E-757C59CF9F79}
	EndGlobalSection
	GlobalSection(ExtensibilityGlobals) = postSolution
		SolutionGuid = {999F2B36-1FD0-4120-A79B-3FF27E84E1A2}
	EndGlobalSection
EndGlobal
